# THIS IS AN AUTOGENERATED FILE. DO NOT EDIT THIS FILE DIRECTLY.
# yarn lockfile v1


"@palantirnet/federated-search-react@git+ssh://git@github.com:palantirnet/federated-search-react.git#v0.5.0":
  version "0.5.0"
  resolved "git+ssh://git@github.com:palantirnet/federated-search-react.git#71bd64cdb88528404c1eb402d5adcf1e7073219f"
