# THIS IS AN AUTOGENERATED FILE. DO NOT EDIT THIS FILE DIRECTLY.
# yarn lockfile v1


"@palantirnet/federated-search-react@git+ssh://git@github.com:palantirnet/federated-search-react.git#v1.0.3":
  version "1.0.3"
  resolved "git+ssh://git@github.com:palantirnet/federated-search-react.git#537479ea42243cd0d7b67f0150d2a18e23ad8fee"
