# THIS IS AN AUTOGENERATED FILE. DO NOT EDIT THIS FILE DIRECTLY.
# yarn lockfile v1


"@palantirnet/federated-search-react@0.5.0":
  version "0.5.0"
  resolved "https://registry.yarnpkg.com/@palantirnet/federated-search-react/-/federated-search-react-0.5.0.tgz#8a0b7935fa3ee5bdd95c4ae7fcc26c853144bc38"
